Microsoft Visual Studio Solution File, Format Version 12.00
# Visual Studio Version 17
VisualStudioVersion = 17.0.31903.59
MinimumVisualStudioVersion = 10.0.40219.1
Project("{FAE04EC0-301F-11D3-BF4B-00C04F79EFBC}") = "DevNest.Core", "src\DevNest.Core\DevNest.Core.csproj", "{A1234567-B123-C123-D123-123456789ABC}"
EndProject
Project("{FAE04EC0-301F-11D3-BF4B-00C04F79EFBC}") = "DevNest.Services", "src\DevNest.Services\DevNest.Services.csproj", "{B1234567-B123-C123-D123-123456789ABC}"
EndProject
Project("{FAE04EC0-301F-11D3-BF4B-00C04F79EFBC}") = "DevNest.Data", "src\DevNest.Data\DevNest.Data.csproj", "{C1234567-B123-C123-D123-123456789ABC}"
EndProject
Project("{FAE04EC0-301F-11D3-BF4B-00C04F79EFBC}") = "DevNest.UI", "src\DevNest.UI\DevNest.UI.csproj", "{D1234567-B123-C123-D123-123456789ABC}"
EndProject
Project("{2150E333-8FDC-42A3-9474-1A3956D46DE8}") = "src", "src", "{E1234567-B123-C123-D123-123456789ABC}"
EndProject
Project("{2150E333-8FDC-42A3-9474-1A3956D46DE8}") = "tests", "tests", "{F1234567-B123-C123-D123-123456789ABC}"
EndProject
Project("{FAE04EC0-301F-11D3-BF4B-00C04F79EFBC}") = "DevNest.Core.Tests", "tests\DevNest.Core.Tests\DevNest.Core.Tests.csproj", "{13BD389F-7A3F-40DF-A32B-19177678E4EC}"
EndProject
Project("{FAE04EC0-301F-11D3-BF4B-00C04F79EFBC}") = "DevNest.Services.Tests", "tests\DevNest.Services.Tests\DevNest.Services.Tests.csproj", "{1D74A97B-458D-4962-8A7B-91E292AC6882}"
EndProject
Project("{FAE04EC0-301F-11D3-BF4B-00C04F79EFBC}") = "DevNest.UI.Tests", "tests\DevNest.UI.Tests\DevNest.UI.Tests.csproj", "{011A659B-1B58-4012-8474-92E7530D4730}"
EndProject
Global
	GlobalSection(SolutionConfigurationPlatforms) = preSolution
		Debug|Any CPU = Debug|Any CPU
		Debug|ARM64 = Debug|ARM64
		Debug|x64 = Debug|x64
		Debug|x86 = Debug|x86
		Release|Any CPU = Release|Any CPU
		Release|ARM64 = Release|ARM64
		Release|x64 = Release|x64
		Release|x86 = Release|x86
	EndGlobalSection
	GlobalSection(ProjectConfigurationPlatforms) = postSolution
		{A1234567-B123-C123-D123-123456789ABC}.Debug|Any CPU.ActiveCfg = Debug|Any CPU
		{A1234567-B123-C123-D123-123456789ABC}.Debug|Any CPU.Build.0 = Debug|Any CPU
		{A1234567-B123-C123-D123-123456789ABC}.Debug|ARM64.ActiveCfg = Debug|Any CPU
		{A1234567-B123-C123-D123-123456789ABC}.Debug|ARM64.Build.0 = Debug|Any CPU
		{A1234567-B123-C123-D123-123456789ABC}.Debug|x64.ActiveCfg = Debug|x64
		{A1234567-B123-C123-D123-123456789ABC}.Debug|x64.Build.0 = Debug|x64
		{A1234567-B123-C123-D123-123456789ABC}.Debug|x86.ActiveCfg = Debug|Any CPU
		{A1234567-B123-C123-D123-123456789ABC}.Debug|x86.Build.0 = Debug|Any CPU
		{A1234567-B123-C123-D123-123456789ABC}.Release|Any CPU.ActiveCfg = Release|Any CPU
		{A1234567-B123-C123-D123-123456789ABC}.Release|Any CPU.Build.0 = Release|Any CPU
		{A1234567-B123-C123-D123-123456789ABC}.Release|ARM64.ActiveCfg = Release|Any CPU
		{A1234567-B123-C123-D123-123456789ABC}.Release|ARM64.Build.0 = Release|Any CPU
		{A1234567-B123-C123-D123-123456789ABC}.Release|x64.ActiveCfg = Release|Any CPU
		{A1234567-B123-C123-D123-123456789ABC}.Release|x64.Build.0 = Release|Any CPU
		{A1234567-B123-C123-D123-123456789ABC}.Release|x86.ActiveCfg = Release|Any CPU
		{A1234567-B123-C123-D123-123456789ABC}.Release|x86.Build.0 = Release|Any CPU
		{B1234567-B123-C123-D123-123456789ABC}.Debug|Any CPU.ActiveCfg = Debug|Any CPU
		{B1234567-B123-C123-D123-123456789ABC}.Debug|Any CPU.Build.0 = Debug|Any CPU
		{B1234567-B123-C123-D123-123456789ABC}.Debug|ARM64.ActiveCfg = Debug|Any CPU
		{B1234567-B123-C123-D123-123456789ABC}.Debug|ARM64.Build.0 = Debug|Any CPU
		{B1234567-B123-C123-D123-123456789ABC}.Debug|x64.ActiveCfg = Debug|x64
		{B1234567-B123-C123-D123-123456789ABC}.Debug|x64.Build.0 = Debug|x64
		{B1234567-B123-C123-D123-123456789ABC}.Debug|x86.ActiveCfg = Debug|Any CPU
		{B1234567-B123-C123-D123-123456789ABC}.Debug|x86.Build.0 = Debug|Any CPU
		{B1234567-B123-C123-D123-123456789ABC}.Release|Any CPU.ActiveCfg = Release|Any CPU
		{B1234567-B123-C123-D123-123456789ABC}.Release|Any CPU.Build.0 = Release|Any CPU
		{B1234567-B123-C123-D123-123456789ABC}.Release|ARM64.ActiveCfg = Release|Any CPU
		{B1234567-B123-C123-D123-123456789ABC}.Release|ARM64.Build.0 = Release|Any CPU
		{B1234567-B123-C123-D123-123456789ABC}.Release|x64.ActiveCfg = Release|Any CPU
		{B1234567-B123-C123-D123-123456789ABC}.Release|x64.Build.0 = Release|Any CPU
		{B1234567-B123-C123-D123-123456789ABC}.Release|x86.ActiveCfg = Release|Any CPU
		{B1234567-B123-C123-D123-123456789ABC}.Release|x86.Build.0 = Release|Any CPU
		{C1234567-B123-C123-D123-123456789ABC}.Debug|Any CPU.ActiveCfg = Debug|Any CPU
		{C1234567-B123-C123-D123-123456789ABC}.Debug|Any CPU.Build.0 = Debug|Any CPU
		{C1234567-B123-C123-D123-123456789ABC}.Debug|ARM64.ActiveCfg = Debug|Any CPU
		{C1234567-B123-C123-D123-123456789ABC}.Debug|ARM64.Build.0 = Debug|Any CPU
		{C1234567-B123-C123-D123-123456789ABC}.Debug|x64.ActiveCfg = Debug|x64
		{C1234567-B123-C123-D123-123456789ABC}.Debug|x64.Build.0 = Debug|x64
		{C1234567-B123-C123-D123-123456789ABC}.Debug|x86.ActiveCfg = Debug|Any CPU
		{C1234567-B123-C123-D123-123456789ABC}.Debug|x86.Build.0 = Debug|Any CPU
		{C1234567-B123-C123-D123-123456789ABC}.Release|Any CPU.ActiveCfg = Release|Any CPU
		{C1234567-B123-C123-D123-123456789ABC}.Release|Any CPU.Build.0 = Release|Any CPU
		{C1234567-B123-C123-D123-123456789ABC}.Release|ARM64.ActiveCfg = Release|Any CPU
		{C1234567-B123-C123-D123-123456789ABC}.Release|ARM64.Build.0 = Release|Any CPU
		{C1234567-B123-C123-D123-123456789ABC}.Release|x64.ActiveCfg = Release|Any CPU
		{C1234567-B123-C123-D123-123456789ABC}.Release|x64.Build.0 = Release|Any CPU
		{C1234567-B123-C123-D123-123456789ABC}.Release|x86.ActiveCfg = Release|Any CPU
		{C1234567-B123-C123-D123-123456789ABC}.Release|x86.Build.0 = Release|Any CPU
		{D1234567-B123-C123-D123-123456789ABC}.Debug|Any CPU.ActiveCfg = Debug|x64
		{D1234567-B123-C123-D123-123456789ABC}.Debug|Any CPU.Build.0 = Debug|x64
		{D1234567-B123-C123-D123-123456789ABC}.Debug|Any CPU.Deploy.0 = Debug|x64
		{D1234567-B123-C123-D123-123456789ABC}.Debug|ARM64.ActiveCfg = Debug|ARM64
		{D1234567-B123-C123-D123-123456789ABC}.Debug|ARM64.Build.0 = Debug|ARM64
		{D1234567-B123-C123-D123-123456789ABC}.Debug|x64.ActiveCfg = Debug|x64
		{D1234567-B123-C123-D123-123456789ABC}.Debug|x64.Build.0 = Debug|x64
		{D1234567-B123-C123-D123-123456789ABC}.Debug|x64.Deploy.0 = Debug|x64
		{D1234567-B123-C123-D123-123456789ABC}.Debug|x86.ActiveCfg = Debug|x86
		{D1234567-B123-C123-D123-123456789ABC}.Debug|x86.Build.0 = Debug|x86
		{D1234567-B123-C123-D123-123456789ABC}.Release|Any CPU.ActiveCfg = Release|x86
		{D1234567-B123-C123-D123-123456789ABC}.Release|Any CPU.Build.0 = Release|x86
		{D1234567-B123-C123-D123-123456789ABC}.Release|ARM64.ActiveCfg = Release|ARM64
		{D1234567-B123-C123-D123-123456789ABC}.Release|ARM64.Build.0 = Release|ARM64
		{D1234567-B123-C123-D123-123456789ABC}.Release|x64.ActiveCfg = Release|x64
		{D1234567-B123-C123-D123-123456789ABC}.Release|x64.Build.0 = Release|x64
		{D1234567-B123-C123-D123-123456789ABC}.Release|x86.ActiveCfg = Release|x86
		{D1234567-B123-C123-D123-123456789ABC}.Release|x86.Build.0 = Release|x86
		{13BD389F-7A3F-40DF-A32B-19177678E4EC}.Debug|Any CPU.ActiveCfg = Debug|Any CPU
		{13BD389F-7A3F-40DF-A32B-19177678E4EC}.Debug|Any CPU.Build.0 = Debug|Any CPU
		{13BD389F-7A3F-40DF-A32B-19177678E4EC}.Debug|ARM64.ActiveCfg = Debug|Any CPU
		{13BD389F-7A3F-40DF-A32B-19177678E4EC}.Debug|ARM64.Build.0 = Debug|Any CPU
		{13BD389F-7A3F-40DF-A32B-19177678E4EC}.Debug|x64.ActiveCfg = Debug|x64
		{13BD389F-7A3F-40DF-A32B-19177678E4EC}.Debug|x64.Build.0 = Debug|x64
		{13BD389F-7A3F-40DF-A32B-19177678E4EC}.Debug|x86.ActiveCfg = Debug|Any CPU
		{13BD389F-7A3F-40DF-A32B-19177678E4EC}.Debug|x86.Build.0 = Debug|Any CPU
		{13BD389F-7A3F-40DF-A32B-19177678E4EC}.Release|Any CPU.ActiveCfg = Release|Any CPU
		{13BD389F-7A3F-40DF-A32B-19177678E4EC}.Release|Any CPU.Build.0 = Release|Any CPU
		{13BD389F-7A3F-40DF-A32B-19177678E4EC}.Release|ARM64.ActiveCfg = Release|Any CPU
		{13BD389F-7A3F-40DF-A32B-19177678E4EC}.Release|ARM64.Build.0 = Release|Any CPU
		{13BD389F-7A3F-40DF-A32B-19177678E4EC}.Release|x64.ActiveCfg = Release|Any CPU
		{13BD389F-7A3F-40DF-A32B-19177678E4EC}.Release|x64.Build.0 = Release|Any CPU
		{13BD389F-7A3F-40DF-A32B-19177678E4EC}.Release|x86.ActiveCfg = Release|Any CPU
		{13BD389F-7A3F-40DF-A32B-19177678E4EC}.Release|x86.Build.0 = Release|Any CPU
		{1D74A97B-458D-4962-8A7B-91E292AC6882}.Debug|Any CPU.ActiveCfg = Debug|Any CPU
		{1D74A97B-458D-4962-8A7B-91E292AC6882}.Debug|Any CPU.Build.0 = Debug|Any CPU
		{1D74A97B-458D-4962-8A7B-91E292AC6882}.Debug|ARM64.ActiveCfg = Debug|Any CPU
		{1D74A97B-458D-4962-8A7B-91E292AC6882}.Debug|ARM64.Build.0 = Debug|Any CPU
		{1D74A97B-458D-4962-8A7B-91E292AC6882}.Debug|x64.ActiveCfg = Debug|x64
		{1D74A97B-458D-4962-8A7B-91E292AC6882}.Debug|x64.Build.0 = Debug|x64
		{1D74A97B-458D-4962-8A7B-91E292AC6882}.Debug|x86.ActiveCfg = Debug|Any CPU
		{1D74A97B-458D-4962-8A7B-91E292AC6882}.Debug|x86.Build.0 = Debug|Any CPU
		{1D74A97B-458D-4962-8A7B-91E292AC6882}.Release|Any CPU.ActiveCfg = Release|Any CPU
		{1D74A97B-458D-4962-8A7B-91E292AC6882}.Release|Any CPU.Build.0 = Release|Any CPU
		{1D74A97B-458D-4962-8A7B-91E292AC6882}.Release|ARM64.ActiveCfg = Release|Any CPU
		{1D74A97B-458D-4962-8A7B-91E292AC6882}.Release|ARM64.Build.0 = Release|Any CPU
		{1D74A97B-458D-4962-8A7B-91E292AC6882}.Release|x64.ActiveCfg = Release|Any CPU
		{1D74A97B-458D-4962-8A7B-91E292AC6882}.Release|x64.Build.0 = Release|Any CPU
		{1D74A97B-458D-4962-8A7B-91E292AC6882}.Release|x86.ActiveCfg = Release|Any CPU
		{1D74A97B-458D-4962-8A7B-91E292AC6882}.Release|x86.Build.0 = Release|Any CPU
		{011A659B-1B58-4012-8474-92E7530D4730}.Debug|Any CPU.ActiveCfg = Debug|Any CPU
		{011A659B-1B58-4012-8474-92E7530D4730}.Debug|Any CPU.Build.0 = Debug|Any CPU
		{011A659B-1B58-4012-8474-92E7530D4730}.Debug|ARM64.ActiveCfg = Debug|Any CPU
		{011A659B-1B58-4012-8474-92E7530D4730}.Debug|ARM64.Build.0 = Debug|Any CPU
		{011A659B-1B58-4012-8474-92E7530D4730}.Debug|x64.ActiveCfg = Debug|x64
		{011A659B-1B58-4012-8474-92E7530D4730}.Debug|x64.Build.0 = Debug|x64
		{011A659B-1B58-4012-8474-92E7530D4730}.Debug|x86.ActiveCfg = Debug|Any CPU
		{011A659B-1B58-4012-8474-92E7530D4730}.Debug|x86.Build.0 = Debug|Any CPU
		{011A659B-1B58-4012-8474-92E7530D4730}.Release|Any CPU.ActiveCfg = Release|Any CPU
		{011A659B-1B58-4012-8474-92E7530D4730}.Release|Any CPU.Build.0 = Release|Any CPU
		{011A659B-1B58-4012-8474-92E7530D4730}.Release|ARM64.ActiveCfg = Release|Any CPU
		{011A659B-1B58-4012-8474-92E7530D4730}.Release|ARM64.Build.0 = Release|Any CPU
		{011A659B-1B58-4012-8474-92E7530D4730}.Release|x64.ActiveCfg = Release|Any CPU
		{011A659B-1B58-4012-8474-92E7530D4730}.Release|x64.Build.0 = Release|Any CPU
		{011A659B-1B58-4012-8474-92E7530D4730}.Release|x86.ActiveCfg = Release|Any CPU
		{011A659B-1B58-4012-8474-92E7530D4730}.Release|x86.Build.0 = Release|Any CPU
	EndGlobalSection
	GlobalSection(SolutionProperties) = preSolution
		HideSolutionNode = FALSE
	EndGlobalSection
	GlobalSection(NestedProjects) = preSolution
		{A1234567-B123-C123-D123-123456789ABC} = {E1234567-B123-C123-D123-123456789ABC}
		{B1234567-B123-C123-D123-123456789ABC} = {E1234567-B123-C123-D123-123456789ABC}
		{C1234567-B123-C123-D123-123456789ABC} = {E1234567-B123-C123-D123-123456789ABC}
		{D1234567-B123-C123-D123-123456789ABC} = {E1234567-B123-C123-D123-123456789ABC}
	EndGlobalSection
	GlobalSection(ExtensibilityGlobals) = postSolution
		SolutionGuid = {2788233A-FEAC-4C82-BDB9-2D52A3344DEF}
	EndGlobalSection
EndGlobal
